
Microsoft Visual Studio Solution File, Format Version 12.00
# Visual Studio 2013
VisualStudioVersion = 12.0.21005.1
MinimumVisualStudioVersion = 10.0.40219.1
Project("{FAE04EC0-301F-11D3-BF4B-00C04F79EFBC}") = "FutebolAmericano_app", "web_app\FutebolAmericano_app.csproj", "{EB0020A1-DF38-4230-A388-67389C3259DF}"
EndProject
Global
	GlobalSection(SolutionConfigurationPlatforms) = preSolution
		Debug|Any CPU = Debug|Any CPU
		Release|Any CPU = Release|Any CPU
	EndGlobalSection
	GlobalSection(ProjectConfigurationPlatforms) = postSolution
		{EB0020A1-DF38-4230-A388-67389C3259DF}.Debug|Any CPU.ActiveCfg = Debug|Any CPU
		{EB0020A1-DF38-4230-A388-67389C3259DF}.Debug|Any CPU.Build.0 = Debug|Any CPU
		{EB0020A1-DF38-4230-A388-67389C3259DF}.Release|Any CPU.ActiveCfg = Release|Any CPU
		{EB0020A1-DF38-4230-A388-67389C3259DF}.Release|Any CPU.Build.0 = Release|Any CPU
	EndGlobalSection
	GlobalSection(SolutionProperties) = preSolution
		HideSolutionNode = FALSE
	EndGlobalSection
EndGlobal
